
Microsoft Visual Studio Solution File, Format Version 12.00
# Visual Studio 15
VisualStudioVersion = 15.0.28307.136
MinimumVisualStudioVersion = 10.0.40219.1
Project("{8BC9CEB8-8B4A-11D0-8D11-00A0C91BC942}") = "Sandbox", "Sandbox\Sandbox.vcxproj", "{C32A9570-320B-4712-945D-0463189E62E1}"
EndProject
Project("{8BC9CEB8-8B4A-11D0-8D11-00A0C91BC942}") = "Ronin", "Ronin\Ronin.vcxproj", "{126F4565-ED4B-40DE-BBB1-00A8ED106A05}"
EndProject
Global
	GlobalSection(SolutionConfigurationPlatforms) = preSolution
		Debug|x64 = Debug|x64
		Release|x64 = Release|x64
	EndGlobalSection
	GlobalSection(ProjectConfigurationPlatforms) = postSolution
		{126F4565-ED4B-40DE-BBB1-00A8ED106A05}.Debug|x64.ActiveCfg = Debug|x64
		{126F4565-ED4B-40DE-BBB1-00A8ED106A05}.Debug|x64.Build.0 = Debug|x64
		{126F4565-ED4B-40DE-BBB1-00A8ED106A05}.Release|x64.ActiveCfg = Release|x64
		{126F4565-ED4B-40DE-BBB1-00A8ED106A05}.Release|x64.Build.0 = Release|x64
		{C32A9570-320B-4712-945D-0463189E62E1}.Debug|x64.ActiveCfg = Debug|x64
		{C32A9570-320B-4712-945D-0463189E62E1}.Debug|x64.Build.0 = Debug|x64
		{C32A9570-320B-4712-945D-0463189E62E1}.Release|x64.ActiveCfg = Release|x64
		{C32A9570-320B-4712-945D-0463189E62E1}.Release|x64.Build.0 = Release|x64
	EndGlobalSection
	GlobalSection(SolutionProperties) = preSolution
		HideSolutionNode = FALSE
	EndGlobalSection
	GlobalSection(ExtensibilityGlobals) = postSolution
		SolutionGuid = {BE44A3C1-D720-4E1A-B830-6C26EA1FE228}
	EndGlobalSection
EndGlobal
